
Microsoft Visual Studio Solution File, Format Version 12.00
# Visual Studio Version 17
VisualStudioVersion = 17.14.36623.8
MinimumVisualStudioVersion = 10.0.40219.1
Project("{FAE04EC0-301F-11D3-BF4B-00C04F79EFBC}") = "task14", "task14\task14.csproj", "{3BA3CF17-4440-4711-B040-A846D87F5FCB}"
EndProject
Project("{FAE04EC0-301F-11D3-BF4B-00C04F79EFBC}") = "task14tests", "task14tests\task14tests.csproj", "{9E462EB6-E4FA-40EE-BBB9-8B5FDF501F11}"
EndProject
Global
	GlobalSection(SolutionConfigurationPlatforms) = preSolution
		Debug|Any CPU = Debug|Any CPU
		Release|Any CPU = Release|Any CPU
	EndGlobalSection
	GlobalSection(ProjectConfigurationPlatforms) = postSolution
		{3BA3CF17-4440-4711-B040-A846D87F5FCB}.Debug|Any CPU.ActiveCfg = Debug|Any CPU
		{3BA3CF17-4440-4711-B040-A846D87F5FCB}.Debug|Any CPU.Build.0 = Debug|Any CPU
		{3BA3CF17-4440-4711-B040-A846D87F5FCB}.Release|Any CPU.ActiveCfg = Release|Any CPU
		{3BA3CF17-4440-4711-B040-A846D87F5FCB}.Release|Any CPU.Build.0 = Release|Any CPU
		{9E462EB6-E4FA-40EE-BBB9-8B5FDF501F11}.Debug|Any CPU.ActiveCfg = Debug|Any CPU
		{9E462EB6-E4FA-40EE-BBB9-8B5FDF501F11}.Debug|Any CPU.Build.0 = Debug|Any CPU
		{9E462EB6-E4FA-40EE-BBB9-8B5FDF501F11}.Release|Any CPU.ActiveCfg = Release|Any CPU
		{9E462EB6-E4FA-40EE-BBB9-8B5FDF501F11}.Release|Any CPU.Build.0 = Release|Any CPU
	EndGlobalSection
	GlobalSection(SolutionProperties) = preSolution
		HideSolutionNode = FALSE
	EndGlobalSection
	GlobalSection(ExtensibilityGlobals) = postSolution
		SolutionGuid = {7EE44D7B-6741-4E96-A0B4-03F0A8313B1F}
	EndGlobalSection
EndGlobal
