
Microsoft Visual Studio Solution File, Format Version 12.00
# Visual Studio Version 17
VisualStudioVersion = 17.14.36623.8
MinimumVisualStudioVersion = 10.0.40219.1
Project("{FAE04EC0-301F-11D3-BF4B-00C04F79EFBC}") = "CommandLib", "task08\CommandLib.csproj", "{AC2DC2D4-1DD9-7EC1-82D0-C8064E0ADAD3}"
EndProject
Project("{FAE04EC0-301F-11D3-BF4B-00C04F79EFBC}") = "CommandRunner", "CommandRunner\CommandRunner.csproj", "{BAD7B8AD-B7EA-FBA0-B8CF-862B5DE1E573}"
EndProject
Project("{FAE04EC0-301F-11D3-BF4B-00C04F79EFBC}") = "FileSystemCommands", "FileSystemCommands\FileSystemCommands.csproj", "{6558942E-0325-9732-EE97-F8D9237ED65D}"
EndProject
Project("{FAE04EC0-301F-11D3-BF4B-00C04F79EFBC}") = "task08tests", "task08tests\task08tests.csproj", "{2C9C5AB1-D66E-56F2-3783-B0F0E4D415A2}"
EndProject
Project("{FAE04EC0-301F-11D3-BF4B-00C04F79EFBC}") = "task09tests", "task09tests\task09tests.csproj", "{9DD6A3BA-A52B-451E-B47C-9FE05A3CE13C}"
EndProject
Project("{FAE04EC0-301F-11D3-BF4B-00C04F79EFBC}") = "MetadataViewer", "MetadataViever\MetadataViewer.csproj", "{AF5684C2-ED60-47DB-80A8-CBF93704CC76}"
EndProject
Global
	GlobalSection(SolutionConfigurationPlatforms) = preSolution
		Debug|Any CPU = Debug|Any CPU
		Release|Any CPU = Release|Any CPU
	EndGlobalSection
	GlobalSection(ProjectConfigurationPlatforms) = postSolution
		{AC2DC2D4-1DD9-7EC1-82D0-C8064E0ADAD3}.Debug|Any CPU.ActiveCfg = Debug|Any CPU
		{AC2DC2D4-1DD9-7EC1-82D0-C8064E0ADAD3}.Debug|Any CPU.Build.0 = Debug|Any CPU
		{AC2DC2D4-1DD9-7EC1-82D0-C8064E0ADAD3}.Release|Any CPU.ActiveCfg = Release|Any CPU
		{AC2DC2D4-1DD9-7EC1-82D0-C8064E0ADAD3}.Release|Any CPU.Build.0 = Release|Any CPU
		{BAD7B8AD-B7EA-FBA0-B8CF-862B5DE1E573}.Debug|Any CPU.ActiveCfg = Debug|Any CPU
		{BAD7B8AD-B7EA-FBA0-B8CF-862B5DE1E573}.Debug|Any CPU.Build.0 = Debug|Any CPU
		{BAD7B8AD-B7EA-FBA0-B8CF-862B5DE1E573}.Release|Any CPU.ActiveCfg = Release|Any CPU
		{BAD7B8AD-B7EA-FBA0-B8CF-862B5DE1E573}.Release|Any CPU.Build.0 = Release|Any CPU
		{6558942E-0325-9732-EE97-F8D9237ED65D}.Debug|Any CPU.ActiveCfg = Debug|Any CPU
		{6558942E-0325-9732-EE97-F8D9237ED65D}.Debug|Any CPU.Build.0 = Debug|Any CPU
		{6558942E-0325-9732-EE97-F8D9237ED65D}.Release|Any CPU.ActiveCfg = Release|Any CPU
		{6558942E-0325-9732-EE97-F8D9237ED65D}.Release|Any CPU.Build.0 = Release|Any CPU
		{2C9C5AB1-D66E-56F2-3783-B0F0E4D415A2}.Debug|Any CPU.ActiveCfg = Debug|Any CPU
		{2C9C5AB1-D66E-56F2-3783-B0F0E4D415A2}.Debug|Any CPU.Build.0 = Debug|Any CPU
		{2C9C5AB1-D66E-56F2-3783-B0F0E4D415A2}.Release|Any CPU.ActiveCfg = Release|Any CPU
		{2C9C5AB1-D66E-56F2-3783-B0F0E4D415A2}.Release|Any CPU.Build.0 = Release|Any CPU
		{9DD6A3BA-A52B-451E-B47C-9FE05A3CE13C}.Debug|Any CPU.ActiveCfg = Debug|Any CPU
		{9DD6A3BA-A52B-451E-B47C-9FE05A3CE13C}.Debug|Any CPU.Build.0 = Debug|Any CPU
		{9DD6A3BA-A52B-451E-B47C-9FE05A3CE13C}.Release|Any CPU.ActiveCfg = Release|Any CPU
		{9DD6A3BA-A52B-451E-B47C-9FE05A3CE13C}.Release|Any CPU.Build.0 = Release|Any CPU
		{AF5684C2-ED60-47DB-80A8-CBF93704CC76}.Debug|Any CPU.ActiveCfg = Debug|Any CPU
		{AF5684C2-ED60-47DB-80A8-CBF93704CC76}.Debug|Any CPU.Build.0 = Debug|Any CPU
		{AF5684C2-ED60-47DB-80A8-CBF93704CC76}.Release|Any CPU.ActiveCfg = Release|Any CPU
		{AF5684C2-ED60-47DB-80A8-CBF93704CC76}.Release|Any CPU.Build.0 = Release|Any CPU
	EndGlobalSection
	GlobalSection(SolutionProperties) = preSolution
		HideSolutionNode = FALSE
	EndGlobalSection
	GlobalSection(ExtensibilityGlobals) = postSolution
		SolutionGuid = {7EE44D7B-6741-4E96-A0B4-03F0A8313B1F}
	EndGlobalSection
EndGlobal
